// !$*UTF8*$!
{
	archiveVersion = 1;
	classes = {
	};
	objectVersion = 45;
	objects = {

/* Begin PBXBuildFile section */
		8DD76F6A0486A84900D96B5E /* GPUParticleSystem.1 in CopyFiles */ = {isa = PBXBuildFile; fileRef = C6859E8B029090EE04C91782 /* GPUParticleSystem.1 */; };
		D93DC4E716E01BB600D41EBF /* GLUT.framework in Frameworks */ = {isa = PBXBuildFile; fileRef = D93DC4E616E01BB600D41EBF /* GLUT.framework */; };
		D93DC4EB16E01BBC00D41EBF /* OpenCL.framework in Frameworks */ = {isa = PBXBuildFile; fileRef = D93DC4EA16E01BBC00D41EBF /* OpenCL.framework */; };
		D93DC4EF16E01BC700D41EBF /* OpenGL.framework in Frameworks */ = {isa = PBXBuildFile; fileRef = D93DC4EE16E01BC700D41EBF /* OpenGL.framework */; };
		D9673DBB16E0ABC9005941F5 /* main.cpp in Sources */ = {isa = PBXBuildFile; fileRef = D9673DAB16E0ABC9005941F5 /* main.cpp */; };
		D9673DBC16E0ABC9005941F5 /* OpenCLObject.cpp in Sources */ = {isa = PBXBuildFile; fileRef = D9673DAC16E0ABC9005941F5 /* OpenCLObject.cpp */; };
		D9673DBD16E0ABC9005941F5 /* CL_EvenOddMergeSort.cpp in Sources */ = {isa = PBXBuildFile; fileRef = D9673DB016E0ABC9005941F5 /* CL_EvenOddMergeSort.cpp */; };
		D9673DBE16E0ABC9005941F5 /* CL_MainObject.cpp in Sources */ = {isa = PBXBuildFile; fileRef = D9673DB116E0ABC9005941F5 /* CL_MainObject.cpp */; };
		D9673DBF16E0ABC9005941F5 /* CL_ProgramObject.cpp in Sources */ = {isa = PBXBuildFile; fileRef = D9673DB216E0ABC9005941F5 /* CL_ProgramObject.cpp */; };
		D9673DC016E0ABC9005941F5 /* CL_Utils.cpp in Sources */ = {isa = PBXBuildFile; fileRef = D9673DB316E0ABC9005941F5 /* CL_Utils.cpp */; };
		D9673DC116E0ABC9005941F5 /* OpenGLUtils.cpp in Sources */ = {isa = PBXBuildFile; fileRef = D9673DB416E0ABC9005941F5 /* OpenGLUtils.cpp */; };
/* End PBXBuildFile section */

/* Begin PBXCopyFilesBuildPhase section */
		8DD76F690486A84900D96B5E /* CopyFiles */ = {
			isa = PBXCopyFilesBuildPhase;
			buildActionMask = 8;
			dstPath = /usr/share/man/man1/;
			dstSubfolderSpec = 0;
			files = (
				8DD76F6A0486A84900D96B5E /* GPUParticleSystem.1 in CopyFiles */,
			);
			runOnlyForDeploymentPostprocessing = 1;
		};
/* End PBXCopyFilesBuildPhase section */

/* Begin PBXFileReference section */
		8DD76F6C0486A84900D96B5E /* GPUParticleSystem */ = {isa = PBXFileReference; explicitFileType = "compiled.mach-o.executable"; includeInIndex = 0; path = GPUParticleSystem; sourceTree = BUILT_PRODUCTS_DIR; };
		C6859E8B029090EE04C91782 /* GPUParticleSystem.1 */ = {isa = PBXFileReference; lastKnownFileType = text.man; path = GPUParticleSystem.1; sourceTree = "<group>"; };
		D93DC4E616E01BB600D41EBF /* GLUT.framework */ = {isa = PBXFileReference; lastKnownFileType = wrapper.framework; name = GLUT.framework; path = System/Library/Frameworks/GLUT.framework; sourceTree = SDKROOT; };
		D93DC4EA16E01BBC00D41EBF /* OpenCL.framework */ = {isa = PBXFileReference; lastKnownFileType = wrapper.framework; name = OpenCL.framework; path = System/Library/Frameworks/OpenCL.framework; sourceTree = SDKROOT; };
		D93DC4EE16E01BC700D41EBF /* OpenGL.framework */ = {isa = PBXFileReference; lastKnownFileType = wrapper.framework; name = OpenGL.framework; path = System/Library/Frameworks/OpenGL.framework; sourceTree = SDKROOT; };
		D9673DAB16E0ABC9005941F5 /* main.cpp */ = {isa = PBXFileReference; fileEncoding = 4; lastKnownFileType = sourcecode.cpp.cpp; path = main.cpp; sourceTree = "<group>"; };
		D9673DAC16E0ABC9005941F5 /* OpenCLObject.cpp */ = {isa = PBXFileReference; fileEncoding = 4; lastKnownFileType = sourcecode.cpp.cpp; path = OpenCLObject.cpp; sourceTree = "<group>"; };
		D9673DAD16E0ABC9005941F5 /* CL_Utils.h */ = {isa = PBXFileReference; fileEncoding = 4; lastKnownFileType = sourcecode.c.h; path = CL_Utils.h; sourceTree = "<group>"; };
		D9673DAE16E0ABC9005941F5 /* OpenCLObject.h */ = {isa = PBXFileReference; fileEncoding = 4; lastKnownFileType = sourcecode.c.h; path = OpenCLObject.h; sourceTree = "<group>"; };
		D9673DAF16E0ABC9005941F5 /* OpenGLUtils.h */ = {isa = PBXFileReference; fileEncoding = 4; lastKnownFileType = sourcecode.c.h; path = OpenGLUtils.h; sourceTree = "<group>"; };
		D9673DB016E0ABC9005941F5 /* CL_EvenOddMergeSort.cpp */ = {isa = PBXFileReference; fileEncoding = 4; lastKnownFileType = sourcecode.cpp.cpp; path = CL_EvenOddMergeSort.cpp; sourceTree = "<group>"; };
		D9673DB116E0ABC9005941F5 /* CL_MainObject.cpp */ = {isa = PBXFileReference; fileEncoding = 4; lastKnownFileType = sourcecode.cpp.cpp; path = CL_MainObject.cpp; sourceTree = "<group>"; };
		D9673DB216E0ABC9005941F5 /* CL_ProgramObject.cpp */ = {isa = PBXFileReference; fileEncoding = 4; lastKnownFileType = sourcecode.cpp.cpp; path = CL_ProgramObject.cpp; sourceTree = "<group>"; };
		D9673DB316E0ABC9005941F5 /* CL_Utils.cpp */ = {isa = PBXFileReference; fileEncoding = 4; lastKnownFileType = sourcecode.cpp.cpp; path = CL_Utils.cpp; sourceTree = "<group>"; };
		D9673DB416E0ABC9005941F5 /* OpenGLUtils.cpp */ = {isa = PBXFileReference; fileEncoding = 4; lastKnownFileType = sourcecode.cpp.cpp; path = OpenGLUtils.cpp; sourceTree = "<group>"; };
		D9673DB516E0ABC9005941F5 /* CL_ProgramObject.h */ = {isa = PBXFileReference; fileEncoding = 4; lastKnownFileType = sourcecode.c.h; path = CL_ProgramObject.h; sourceTree = "<group>"; };
		D9673DB616E0ABC9005941F5 /* CL_MainObject.h */ = {isa = PBXFileReference; fileEncoding = 4; lastKnownFileType = sourcecode.c.h; path = CL_MainObject.h; sourceTree = "<group>"; };
		D9673DB716E0ABC9005941F5 /* CL_EvenOddMergeSort.h */ = {isa = PBXFileReference; fileEncoding = 4; lastKnownFileType = sourcecode.c.h; path = CL_EvenOddMergeSort.h; sourceTree = "<group>"; };
		D9673DB816E0ABC9005941F5 /* bislogon.h */ = {isa = PBXFileReference; fileEncoding = 4; lastKnownFileType = sourcecode.c.h; path = bislogon.h; sourceTree = "<group>"; };
		D9673DB916E0ABC9005941F5 /* bislogon~.h */ = {isa = PBXFileReference; fileEncoding = 4; lastKnownFileType = sourcecode.c.h; path = "bislogon~.h"; sourceTree = "<group>"; };
		D9673DBA16E0ABC9005941F5 /* CL_Include.h */ = {isa = PBXFileReference; fileEncoding = 4; lastKnownFileType = sourcecode.c.h; path = CL_Include.h; sourceTree = "<group>"; };
/* End PBXFileReference section */

/* Begin PBXFrameworksBuildPhase section */
		8DD76F660486A84900D96B5E /* Frameworks */ = {
			isa = PBXFrameworksBuildPhase;
			buildActionMask = 2147483647;
			files = (
				D93DC4E716E01BB600D41EBF /* GLUT.framework in Frameworks */,
				D93DC4EB16E01BBC00D41EBF /* OpenCL.framework in Frameworks */,
				D93DC4EF16E01BC700D41EBF /* OpenGL.framework in Frameworks */,
			);
			runOnlyForDeploymentPostprocessing = 0;
		};
/* End PBXFrameworksBuildPhase section */

/* Begin PBXGroup section */
		08FB7794FE84155DC02AAC07 /* GPUParticleSystem */ = {
			isa = PBXGroup;
			children = (
				08FB7795FE84155DC02AAC07 /* Source */,
				C6859E8C029090F304C91782 /* Documentation */,
				1AB674ADFE9D54B511CA2CBB /* Products */,
				D93DC4E616E01BB600D41EBF /* GLUT.framework */,
				D93DC4EA16E01BBC00D41EBF /* OpenCL.framework */,
				D93DC4EE16E01BC700D41EBF /* OpenGL.framework */,
			);
			name = GPUParticleSystem;
			sourceTree = "<group>";
		};
		08FB7795FE84155DC02AAC07 /* Source */ = {
			isa = PBXGroup;
			children = (
				D9673DAB16E0ABC9005941F5 /* main.cpp */,
				D9673DAC16E0ABC9005941F5 /* OpenCLObject.cpp */,
				D9673DAD16E0ABC9005941F5 /* CL_Utils.h */,
				D9673DAE16E0ABC9005941F5 /* OpenCLObject.h */,
				D9673DAF16E0ABC9005941F5 /* OpenGLUtils.h */,
				D9673DB016E0ABC9005941F5 /* CL_EvenOddMergeSort.cpp */,
				D9673DB116E0ABC9005941F5 /* CL_MainObject.cpp */,
				D9673DB216E0ABC9005941F5 /* CL_ProgramObject.cpp */,
				D9673DB316E0ABC9005941F5 /* CL_Utils.cpp */,
				D9673DB416E0ABC9005941F5 /* OpenGLUtils.cpp */,
				D9673DB516E0ABC9005941F5 /* CL_ProgramObject.h */,
				D9673DB616E0ABC9005941F5 /* CL_MainObject.h */,
				D9673DB716E0ABC9005941F5 /* CL_EvenOddMergeSort.h */,
				D9673DB816E0ABC9005941F5 /* bislogon.h */,
				D9673DB916E0ABC9005941F5 /* bislogon~.h */,
				D9673DBA16E0ABC9005941F5 /* CL_Include.h */,
			);
			name = Source;
			sourceTree = "<group>";
		};
		1AB674ADFE9D54B511CA2CBB /* Products */ = {
			isa = PBXGroup;
			children = (
				8DD76F6C0486A84900D96B5E /* GPUParticleSystem */,
			);
			name = Products;
			sourceTree = "<group>";
		};
		C6859E8C029090F304C91782 /* Documentation */ = {
			isa = PBXGroup;
			children = (
				C6859E8B029090EE04C91782 /* GPUParticleSystem.1 */,
			);
			name = Documentation;
			sourceTree = "<group>";
		};
/* End PBXGroup section */

/* Begin PBXNativeTarget section */
		8DD76F620486A84900D96B5E /* GPUParticleSystem */ = {
			isa = PBXNativeTarget;
			buildConfigurationList = 1DEB923108733DC60010E9CD /* Build configuration list for PBXNativeTarget "GPUParticleSystem" */;
			buildPhases = (
				8DD76F640486A84900D96B5E /* Sources */,
				8DD76F660486A84900D96B5E /* Frameworks */,
				8DD76F690486A84900D96B5E /* CopyFiles */,
			);
			buildRules = (
			);
			dependencies = (
			);
			name = GPUParticleSystem;
			productInstallPath = "$(HOME)/bin";
			productName = GPUParticleSystem;
			productReference = 8DD76F6C0486A84900D96B5E /* GPUParticleSystem */;
			productType = "com.apple.product-type.tool";
		};
/* End PBXNativeTarget section */

/* Begin PBXProject section */
		08FB7793FE84155DC02AAC07 /* Project object */ = {
			isa = PBXProject;
			buildConfigurationList = 1DEB923508733DC60010E9CD /* Build configuration list for PBXProject "GPUParticleSystem" */;
			compatibilityVersion = "Xcode 3.1";
			developmentRegion = English;
			hasScannedForEncodings = 1;
			knownRegions = (
				English,
				Japanese,
				French,
				German,
			);
			mainGroup = 08FB7794FE84155DC02AAC07 /* GPUParticleSystem */;
			projectDirPath = "";
			projectRoot = "";
			targets = (
				8DD76F620486A84900D96B5E /* GPUParticleSystem */,
			);
		};
/* End PBXProject section */

/* Begin PBXSourcesBuildPhase section */
		8DD76F640486A84900D96B5E /* Sources */ = {
			isa = PBXSourcesBuildPhase;
			buildActionMask = 2147483647;
			files = (
				D9673DBB16E0ABC9005941F5 /* main.cpp in Sources */,
				D9673DBC16E0ABC9005941F5 /* OpenCLObject.cpp in Sources */,
				D9673DBD16E0ABC9005941F5 /* CL_EvenOddMergeSort.cpp in Sources */,
				D9673DBE16E0ABC9005941F5 /* CL_MainObject.cpp in Sources */,
				D9673DBF16E0ABC9005941F5 /* CL_ProgramObject.cpp in Sources */,
				D9673DC016E0ABC9005941F5 /* CL_Utils.cpp in Sources */,
				D9673DC116E0ABC9005941F5 /* OpenGLUtils.cpp in Sources */,
			);
			runOnlyForDeploymentPostprocessing = 0;
		};
/* End PBXSourcesBuildPhase section */

/* Begin XCBuildConfiguration section */
		1DEB923208733DC60010E9CD /* Debug */ = {
			isa = XCBuildConfiguration;
			buildSettings = {
				ALWAYS_SEARCH_USER_PATHS = NO;
				COPY_PHASE_STRIP = NO;
				GCC_DYNAMIC_NO_PIC = NO;
				GCC_ENABLE_FIX_AND_CONTINUE = YES;
				GCC_MODEL_TUNING = G5;
				GCC_OPTIMIZATION_LEVEL = 0;
				INSTALL_PATH = /usr/local/bin;
				PRODUCT_NAME = GPUParticleSystem;
			};
			name = Debug;
		};
		1DEB923308733DC60010E9CD /* Release */ = {
			isa = XCBuildConfiguration;
			buildSettings = {
				ALWAYS_SEARCH_USER_PATHS = NO;
				DEBUG_INFORMATION_FORMAT = "dwarf-with-dsym";
				GCC_MODEL_TUNING = G5;
				INSTALL_PATH = /usr/local/bin;
				PRODUCT_NAME = GPUParticleSystem;
			};
			name = Release;
		};
		1DEB923608733DC60010E9CD /* Debug */ = {
			isa = XCBuildConfiguration;
			buildSettings = {
				ARCHS = "$(ARCHS_STANDARD_32_64_BIT)";
				GCC_C_LANGUAGE_STANDARD = gnu99;
				GCC_OPTIMIZATION_LEVEL = 0;
				GCC_WARN_ABOUT_RETURN_TYPE = YES;
				GCC_WARN_UNUSED_VARIABLE = YES;
				ONLY_ACTIVE_ARCH = YES;
				PREBINDING = NO;
				SDKROOT = macosx10.6;
			};
			name = Debug;
		};
		1DEB923708733DC60010E9CD /* Release */ = {
			isa = XCBuildConfiguration;
			buildSettings = {
				ARCHS = "$(ARCHS_STANDARD_32_64_BIT)";
				GCC_C_LANGUAGE_STANDARD = gnu99;
				GCC_WARN_ABOUT_RETURN_TYPE = YES;
				GCC_WARN_UNUSED_VARIABLE = YES;
				PREBINDING = NO;
				SDKROOT = macosx10.6;
			};
			name = Release;
		};
/* End XCBuildConfiguration section */

/* Begin XCConfigurationList section */
		1DEB923108733DC60010E9CD /* Build configuration list for PBXNativeTarget "GPUParticleSystem" */ = {
			isa = XCConfigurationList;
			buildConfigurations = (
				1DEB923208733DC60010E9CD /* Debug */,
				1DEB923308733DC60010E9CD /* Release */,
			);
			defaultConfigurationIsVisible = 0;
			defaultConfigurationName = Release;
		};
		1DEB923508733DC60010E9CD /* Build configuration list for PBXProject "GPUParticleSystem" */ = {
			isa = XCConfigurationList;
			buildConfigurations = (
				1DEB923608733DC60010E9CD /* Debug */,
				1DEB923708733DC60010E9CD /* Release */,
			);
			defaultConfigurationIsVisible = 0;
			defaultConfigurationName = Release;
		};
/* End XCConfigurationList section */
	};
	rootObject = 08FB7793FE84155DC02AAC07 /* Project object */;
}
